
Microsoft Visual Studio Solution File, Format Version 12.00
# Visual Studio Version 16
VisualStudioVersion = 16.0.32413.511
MinimumVisualStudioVersion = 10.0.40219.1
Project("{F184B08F-C81C-45F6-A57F-5ABD9991F28F}") = "QLThuVien_HongKhanh", "QLThuVien_HongKhanh\QLThuVien_HongKhanh.vbproj", "{A0CCA813-7D75-4FEE-BD56-68F6D0CE438D}"
EndProject
Global
	GlobalSection(SolutionConfigurationPlatforms) = preSolution
		Debug|Any CPU = Debug|Any CPU
		Release|Any CPU = Release|Any CPU
	EndGlobalSection
	GlobalSection(ProjectConfigurationPlatforms) = postSolution
		{A0CCA813-7D75-4FEE-BD56-68F6D0CE438D}.Debug|Any CPU.ActiveCfg = Debug|Any CPU
		{A0CCA813-7D75-4FEE-BD56-68F6D0CE438D}.Debug|Any CPU.Build.0 = Debug|Any CPU
		{A0CCA813-7D75-4FEE-BD56-68F6D0CE438D}.Release|Any CPU.ActiveCfg = Release|Any CPU
		{A0CCA813-7D75-4FEE-BD56-68F6D0CE438D}.Release|Any CPU.Build.0 = Release|Any CPU
	EndGlobalSection
	GlobalSection(SolutionProperties) = preSolution
		HideSolutionNode = FALSE
	EndGlobalSection
	GlobalSection(ExtensibilityGlobals) = postSolution
		SolutionGuid = {B8427FAC-A97F-4D40-A651-37B37794CA1B}
	EndGlobalSection
EndGlobal
